PODS:
  - Flutter (1.0.0)
  - flutter_flashlight (1.0.0):
    - Flutter

DEPENDENCIES:
  - Flutter (from `Flutter`)
  - flutter_flashlight (from `.symlinks/plugins/flutter_flashlight/ios`)

EXTERNAL SOURCES:
  Flutter:
    :path: Flutter
  flutter_flashlight:
    :path: ".symlinks/plugins/flutter_flashlight/ios"

SPEC CHECKSUMS:
  Flutter: 0e3d915762c693b495b44d77113d4970485de6ec
  flutter_flashlight: 17afef1f04adeaba9166a35b21619f3fb0c56cd8

PODFILE CHECKSUM: aafe91acc616949ddb318b77800a7f51bffa2a4c

COCOAPODS: 1.9.3
